
Microsoft Visual Studio Solution File, Format Version 12.00
# Visual Studio Version 17
VisualStudioVersion = 17.4.33205.214
MinimumVisualStudioVersion = 10.0.40219.1
Project("{9A19103F-16F7-4668-BE54-9A1E7A4F7556}") = "bouwmarkt_API", "bouwmarkt\bouwmarkt_API.csproj", "{6FFB0B82-B699-46BA-ADD0-9AC63916EECB}"
EndProject
Global
	GlobalSection(SolutionConfigurationPlatforms) = preSolution
		Debug|Any CPU = Debug|Any CPU
		Release|Any CPU = Release|Any CPU
	EndGlobalSection
	GlobalSection(ProjectConfigurationPlatforms) = postSolution
		{6FFB0B82-B699-46BA-ADD0-9AC63916EECB}.Debug|Any CPU.ActiveCfg = Debug|Any CPU
		{6FFB0B82-B699-46BA-ADD0-9AC63916EECB}.Debug|Any CPU.Build.0 = Debug|Any CPU
		{6FFB0B82-B699-46BA-ADD0-9AC63916EECB}.Release|Any CPU.ActiveCfg = Release|Any CPU
		{6FFB0B82-B699-46BA-ADD0-9AC63916EECB}.Release|Any CPU.Build.0 = Release|Any CPU
	EndGlobalSection
	GlobalSection(SolutionProperties) = preSolution
		HideSolutionNode = FALSE
	EndGlobalSection
	GlobalSection(ExtensibilityGlobals) = postSolution
		SolutionGuid = {7432E0F8-80B2-426E-A975-95EA2586E754}
	EndGlobalSection
EndGlobal
